
Microsoft Visual Studio Solution File, Format Version 12.00
# Visual Studio Version 17
VisualStudioVersion = 17.13.35913.81
MinimumVisualStudioVersion = 10.0.40219.1
Project("{FAE04EC0-301F-11D3-BF4B-00C04F79EFBC}") = "ChildcareManagementERP.Api", "ChildcareManagementERP.Api\ChildcareManagementERP.Api.csproj", "{3B7C00BF-3E83-4C56-A7E7-ABD79C114697}"
EndProject
Project("{FAE04EC0-301F-11D3-BF4B-00C04F79EFBC}") = "ChildcareManagementERP.Api.UnitTests", "ChildcareManagementERP.Api.UnitTests\ChildcareManagementERP.Api.UnitTests.csproj", "{9E2966EA-60C8-4320-9FE6-61433DED3121}"
EndProject
Project("{FAE04EC0-301F-11D3-BF4B-00C04F79EFBC}") = "ChildcareManagementERP.Api.IntegrationTests", "ChildcareManagementERP.Api.IntegrationTests\ChildcareManagementERP.Api.IntegrationTests.csproj", "{6A2BE555-62BE-4796-B34D-E4F2F2A1BFED}"
EndProject
Global
	GlobalSection(SolutionConfigurationPlatforms) = preSolution
		Debug|Any CPU = Debug|Any CPU
		Release|Any CPU = Release|Any CPU
	EndGlobalSection
	GlobalSection(ProjectConfigurationPlatforms) = postSolution
		{3B7C00BF-3E83-4C56-A7E7-ABD79C114697}.Debug|Any CPU.ActiveCfg = Debug|Any CPU
		{3B7C00BF-3E83-4C56-A7E7-ABD79C114697}.Debug|Any CPU.Build.0 = Debug|Any CPU
		{3B7C00BF-3E83-4C56-A7E7-ABD79C114697}.Release|Any CPU.ActiveCfg = Release|Any CPU
		{3B7C00BF-3E83-4C56-A7E7-ABD79C114697}.Release|Any CPU.Build.0 = Release|Any CPU
		{9E2966EA-60C8-4320-9FE6-61433DED3121}.Debug|Any CPU.ActiveCfg = Debug|Any CPU
		{9E2966EA-60C8-4320-9FE6-61433DED3121}.Debug|Any CPU.Build.0 = Debug|Any CPU
		{9E2966EA-60C8-4320-9FE6-61433DED3121}.Release|Any CPU.ActiveCfg = Release|Any CPU
		{9E2966EA-60C8-4320-9FE6-61433DED3121}.Release|Any CPU.Build.0 = Release|Any CPU
		{6A2BE555-62BE-4796-B34D-E4F2F2A1BFED}.Debug|Any CPU.ActiveCfg = Debug|Any CPU
		{6A2BE555-62BE-4796-B34D-E4F2F2A1BFED}.Debug|Any CPU.Build.0 = Debug|Any CPU
		{6A2BE555-62BE-4796-B34D-E4F2F2A1BFED}.Release|Any CPU.ActiveCfg = Release|Any CPU
		{6A2BE555-62BE-4796-B34D-E4F2F2A1BFED}.Release|Any CPU.Build.0 = Release|Any CPU
	EndGlobalSection
	GlobalSection(SolutionProperties) = preSolution
		HideSolutionNode = FALSE
	EndGlobalSection
	GlobalSection(ExtensibilityGlobals) = postSolution
		SolutionGuid = {7DE07755-38E5-49B1-AC51-EA1A6ED12B0D}
	EndGlobalSection
EndGlobal
